
Microsoft Visual Studio Solution File, Format Version 12.00
# Visual Studio Version 16
VisualStudioVersion = 16.0.30907.101
MinimumVisualStudioVersion = 10.0.40219.1
Project("{9A19103F-16F7-4668-BE54-9A1E7A4F7556}") = "Loops", "Loops\Loops.csproj", "{6EBC1F65-F2C2-4774-811E-A92C425F58E0}"
EndProject
Project("{9A19103F-16F7-4668-BE54-9A1E7A4F7556}") = "ClassIntro", "ClassIntro\ClassIntro.csproj", "{5213085E-0883-4901-B5F3-0517AEBCC37D}"
EndProject
Project("{9A19103F-16F7-4668-BE54-9A1E7A4F7556}") = "KampIntro", "KampIntro\KampIntro.csproj", "{E5321C14-FB49-4903-BF62-AC19AF397263}"
EndProject
Project("{9A19103F-16F7-4668-BE54-9A1E7A4F7556}") = "Maths", "Maths\Maths.csproj", "{68F992F8-353B-44A5-8A53-FCE3B97C9579}"
EndProject
Project("{9A19103F-16F7-4668-BE54-9A1E7A4F7556}") = "Methods", "Methods\Methods.csproj", "{DF5DD0A1-AE0F-4DBD-B5A0-568DBA0ECA8B}"
EndProject
Project("{9A19103F-16F7-4668-BE54-9A1E7A4F7556}") = "ClassMetotDemo", "ClassMetotDemo\ClassMetotDemo.csproj", "{9E3E6818-1815-44D6-89E5-5CB11E6149FC}"
EndProject
Project("{9A19103F-16F7-4668-BE54-9A1E7A4F7556}") = "OOP1", "OOP1\OOP1.csproj", "{8A2FD9EB-13DA-4DC2-AA07-943ABA06FE7A}"
EndProject
Project("{9A19103F-16F7-4668-BE54-9A1E7A4F7556}") = "Collections", "Collections\Collections.csproj", "{BDC5F4B3-61BA-4995-B93A-F58E7B2116DA}"
EndProject
Project("{9A19103F-16F7-4668-BE54-9A1E7A4F7556}") = "GenericsIntro", "GenericsIntro\GenericsIntro.csproj", "{A46AE991-D723-4820-831D-1B5D1A09C2E1}"
EndProject
Project("{9A19103F-16F7-4668-BE54-9A1E7A4F7556}") = "OOP2", "OOP2\OOP2.csproj", "{CF52AD7E-F39C-4B2C-9E37-A2846FCA4943}"
EndProject
Project("{9A19103F-16F7-4668-BE54-9A1E7A4F7556}") = "OOP3", "OOP3\OOP3.csproj", "{AAC9951A-C091-4EE6-9623-47460CDEE380}"
EndProject
Project("{FAE04EC0-301F-11D3-BF4B-00C04F79EFBC}") = "Dictonary", "Dictonary\Dictonary.csproj", "{EABD546D-D73E-4C44-B3E7-C452528C5E4D}"
EndProject
Global
	GlobalSection(SolutionConfigurationPlatforms) = preSolution
		Debug|Any CPU = Debug|Any CPU
		Release|Any CPU = Release|Any CPU
	EndGlobalSection
	GlobalSection(ProjectConfigurationPlatforms) = postSolution
		{6EBC1F65-F2C2-4774-811E-A92C425F58E0}.Debug|Any CPU.ActiveCfg = Debug|Any CPU
		{6EBC1F65-F2C2-4774-811E-A92C425F58E0}.Debug|Any CPU.Build.0 = Debug|Any CPU
		{6EBC1F65-F2C2-4774-811E-A92C425F58E0}.Release|Any CPU.ActiveCfg = Release|Any CPU
		{6EBC1F65-F2C2-4774-811E-A92C425F58E0}.Release|Any CPU.Build.0 = Release|Any CPU
		{5213085E-0883-4901-B5F3-0517AEBCC37D}.Debug|Any CPU.ActiveCfg = Debug|Any CPU
		{5213085E-0883-4901-B5F3-0517AEBCC37D}.Debug|Any CPU.Build.0 = Debug|Any CPU
		{5213085E-0883-4901-B5F3-0517AEBCC37D}.Release|Any CPU.ActiveCfg = Release|Any CPU
		{5213085E-0883-4901-B5F3-0517AEBCC37D}.Release|Any CPU.Build.0 = Release|Any CPU
		{E5321C14-FB49-4903-BF62-AC19AF397263}.Debug|Any CPU.ActiveCfg = Debug|Any CPU
		{E5321C14-FB49-4903-BF62-AC19AF397263}.Debug|Any CPU.Build.0 = Debug|Any CPU
		{E5321C14-FB49-4903-BF62-AC19AF397263}.Release|Any CPU.ActiveCfg = Release|Any CPU
		{E5321C14-FB49-4903-BF62-AC19AF397263}.Release|Any CPU.Build.0 = Release|Any CPU
		{68F992F8-353B-44A5-8A53-FCE3B97C9579}.Debug|Any CPU.ActiveCfg = Debug|Any CPU
		{68F992F8-353B-44A5-8A53-FCE3B97C9579}.Debug|Any CPU.Build.0 = Debug|Any CPU
		{68F992F8-353B-44A5-8A53-FCE3B97C9579}.Release|Any CPU.ActiveCfg = Release|Any CPU
		{68F992F8-353B-44A5-8A53-FCE3B97C9579}.Release|Any CPU.Build.0 = Release|Any CPU
		{DF5DD0A1-AE0F-4DBD-B5A0-568DBA0ECA8B}.Debug|Any CPU.ActiveCfg = Debug|Any CPU
		{DF5DD0A1-AE0F-4DBD-B5A0-568DBA0ECA8B}.Debug|Any CPU.Build.0 = Debug|Any CPU
		{DF5DD0A1-AE0F-4DBD-B5A0-568DBA0ECA8B}.Release|Any CPU.ActiveCfg = Release|Any CPU
		{DF5DD0A1-AE0F-4DBD-B5A0-568DBA0ECA8B}.Release|Any CPU.Build.0 = Release|Any CPU
		{9E3E6818-1815-44D6-89E5-5CB11E6149FC}.Debug|Any CPU.ActiveCfg = Debug|Any CPU
		{9E3E6818-1815-44D6-89E5-5CB11E6149FC}.Debug|Any CPU.Build.0 = Debug|Any CPU
		{9E3E6818-1815-44D6-89E5-5CB11E6149FC}.Release|Any CPU.ActiveCfg = Release|Any CPU
		{9E3E6818-1815-44D6-89E5-5CB11E6149FC}.Release|Any CPU.Build.0 = Release|Any CPU
		{8A2FD9EB-13DA-4DC2-AA07-943ABA06FE7A}.Debug|Any CPU.ActiveCfg = Debug|Any CPU
		{8A2FD9EB-13DA-4DC2-AA07-943ABA06FE7A}.Debug|Any CPU.Build.0 = Debug|Any CPU
		{8A2FD9EB-13DA-4DC2-AA07-943ABA06FE7A}.Release|Any CPU.ActiveCfg = Release|Any CPU
		{8A2FD9EB-13DA-4DC2-AA07-943ABA06FE7A}.Release|Any CPU.Build.0 = Release|Any CPU
		{BDC5F4B3-61BA-4995-B93A-F58E7B2116DA}.Debug|Any CPU.ActiveCfg = Debug|Any CPU
		{BDC5F4B3-61BA-4995-B93A-F58E7B2116DA}.Debug|Any CPU.Build.0 = Debug|Any CPU
		{BDC5F4B3-61BA-4995-B93A-F58E7B2116DA}.Release|Any CPU.ActiveCfg = Release|Any CPU
		{BDC5F4B3-61BA-4995-B93A-F58E7B2116DA}.Release|Any CPU.Build.0 = Release|Any CPU
		{A46AE991-D723-4820-831D-1B5D1A09C2E1}.Debug|Any CPU.ActiveCfg = Debug|Any CPU
		{A46AE991-D723-4820-831D-1B5D1A09C2E1}.Debug|Any CPU.Build.0 = Debug|Any CPU
		{A46AE991-D723-4820-831D-1B5D1A09C2E1}.Release|Any CPU.ActiveCfg = Release|Any CPU
		{A46AE991-D723-4820-831D-1B5D1A09C2E1}.Release|Any CPU.Build.0 = Release|Any CPU
		{CF52AD7E-F39C-4B2C-9E37-A2846FCA4943}.Debug|Any CPU.ActiveCfg = Debug|Any CPU
		{CF52AD7E-F39C-4B2C-9E37-A2846FCA4943}.Debug|Any CPU.Build.0 = Debug|Any CPU
		{CF52AD7E-F39C-4B2C-9E37-A2846FCA4943}.Release|Any CPU.ActiveCfg = Release|Any CPU
		{CF52AD7E-F39C-4B2C-9E37-A2846FCA4943}.Release|Any CPU.Build.0 = Release|Any CPU
		{AAC9951A-C091-4EE6-9623-47460CDEE380}.Debug|Any CPU.ActiveCfg = Debug|Any CPU
		{AAC9951A-C091-4EE6-9623-47460CDEE380}.Debug|Any CPU.Build.0 = Debug|Any CPU
		{AAC9951A-C091-4EE6-9623-47460CDEE380}.Release|Any CPU.ActiveCfg = Release|Any CPU
		{AAC9951A-C091-4EE6-9623-47460CDEE380}.Release|Any CPU.Build.0 = Release|Any CPU
		{EABD546D-D73E-4C44-B3E7-C452528C5E4D}.Debug|Any CPU.ActiveCfg = Debug|Any CPU
		{EABD546D-D73E-4C44-B3E7-C452528C5E4D}.Debug|Any CPU.Build.0 = Debug|Any CPU
		{EABD546D-D73E-4C44-B3E7-C452528C5E4D}.Release|Any CPU.ActiveCfg = Release|Any CPU
		{EABD546D-D73E-4C44-B3E7-C452528C5E4D}.Release|Any CPU.Build.0 = Release|Any CPU
	EndGlobalSection
	GlobalSection(SolutionProperties) = preSolution
		HideSolutionNode = FALSE
	EndGlobalSection
	GlobalSection(ExtensibilityGlobals) = postSolution
		SolutionGuid = {E76880AB-BB72-41E7-9F59-DD94122DF23B}
	EndGlobalSection
EndGlobal
